// !$*UTF8*$!
{
	archiveVersion = 1;
	classes = {
	};
	objectVersion = 48;
	objects = {

/* Begin PBXBuildFile section */
		D089047A1FC3239C008D0C20 /* AppDelegate.m in Sources */ = {isa = PBXBuildFile; fileRef = D08904791FC3239C008D0C20 /* AppDelegate.m */; };
		D089047D1FC3239C008D0C20 /* ViewController.m in Sources */ = {isa = PBXBuildFile; fileRef = D089047C1FC3239C008D0C20 /* ViewController.m */; };
		D08904801FC3239C008D0C20 /* Main.storyboard in Resources */ = {isa = PBXBuildFile; fileRef = D089047E1FC3239C008D0C20 /* Main.storyboard */; };
		D08904821FC3239C008D0C20 /* Assets.xcassets in Resources */ = {isa = PBXBuildFile; fileRef = D08904811FC3239C008D0C20 /* Assets.xcassets */; };
		D08904851FC3239C008D0C20 /* LaunchScreen.storyboard in Resources */ = {isa = PBXBuildFile; fileRef = D08904831FC3239C008D0C20 /* LaunchScreen.storyboard */; };
		D08904881FC3239C008D0C20 /* main.m in Sources */ = {isa = PBXBuildFile; fileRef = D08904871FC3239C008D0C20 /* main.m */; };
		D08904921FC3239C008D0C20 /* ActubutorTests.m in Sources */ = {isa = PBXBuildFile; fileRef = D08904911FC3239C008D0C20 /* ActubutorTests.m */; };
		D089049D1FC3239C008D0C20 /* ActubutorUITests.m in Sources */ = {isa = PBXBuildFile; fileRef = D089049C1FC3239C008D0C20 /* ActubutorUITests.m */; };
/* End PBXBuildFile section */

/* Begin PBXContainerItemProxy section */
		D089048E1FC3239C008D0C20 /* PBXContainerItemProxy */ = {
			isa = PBXContainerItemProxy;
			containerPortal = D089046D1FC3239C008D0C20 /* Project object */;
			proxyType = 1;
			remoteGlobalIDString = D08904741FC3239C008D0C20;
			remoteInfo = Actubutor;
		};
		D08904991FC3239C008D0C20 /* PBXContainerItemProxy */ = {
			isa = PBXContainerItemProxy;
			containerPortal = D089046D1FC3239C008D0C20 /* Project object */;
			proxyType = 1;
			remoteGlobalIDString = D08904741FC3239C008D0C20;
			remoteInfo = Actubutor;
		};
/* End PBXContainerItemProxy section */

/* Begin PBXFileReference section */
		D08904751FC3239C008D0C20 /* Actubutor.app */ = {isa = PBXFileReference; explicitFileType = wrapper.application; includeInIndex = 0; path = Actubutor.app; sourceTree = BUILT_PRODUCTS_DIR; };
		D08904781FC3239C008D0C20 /* AppDelegate.h */ = {isa = PBXFileReference; lastKnownFileType = sourcecode.c.h; path = AppDelegate.h; sourceTree = "<group>"; };
		D08904791FC3239C008D0C20 /* AppDelegate.m */ = {isa = PBXFileReference; lastKnownFileType = sourcecode.c.objc; path = AppDelegate.m; sourceTree = "<group>"; };
		D089047B1FC3239C008D0C20 /* ViewController.h */ = {isa = PBXFileReference; lastKnownFileType = sourcecode.c.h; path = ViewController.h; sourceTree = "<group>"; };
		D089047C1FC3239C008D0C20 /* ViewController.m */ = {isa = PBXFileReference; lastKnownFileType = sourcecode.c.objc; path = ViewController.m; sourceTree = "<group>"; };
		D089047F1FC3239C008D0C20 /* Base */ = {isa = PBXFileReference; lastKnownFileType = file.storyboard; name = Base; path = Base.lproj/Main.storyboard; sourceTree = "<group>"; };
		D08904811FC3239C008D0C20 /* Assets.xcassets */ = {isa = PBXFileReference; lastKnownFileType = folder.assetcatalog; path = Assets.xcassets; sourceTree = "<group>"; };
		D08904841FC3239C008D0C20 /* Base */ = {isa = PBXFileReference; lastKnownFileType = file.storyboard; name = Base; path = Base.lproj/LaunchScreen.storyboard; sourceTree = "<group>"; };
		D08904861FC3239C008D0C20 /* Info.plist */ = {isa = PBXFileReference; lastKnownFileType = text.plist.xml; path = Info.plist; sourceTree = "<group>"; };
		D08904871FC3239C008D0C20 /* main.m */ = {isa = PBXFileReference; lastKnownFileType = sourcecode.c.objc; path = main.m; sourceTree = "<group>"; };
		D089048D1FC3239C008D0C20 /* ActubutorTests.xctest */ = {isa = PBXFileReference; explicitFileType = wrapper.cfbundle; includeInIndex = 0; path = ActubutorTests.xctest; sourceTree = BUILT_PRODUCTS_DIR; };
		D08904911FC3239C008D0C20 /* ActubutorTests.m */ = {isa = PBXFileReference; lastKnownFileType = sourcecode.c.objc; path = ActubutorTests.m; sourceTree = "<group>"; };
		D08904931FC3239C008D0C20 /* Info.plist */ = {isa = PBXFileReference; lastKnownFileType = text.plist.xml; path = Info.plist; sourceTree = "<group>"; };
		D08904981FC3239C008D0C20 /* ActubutorUITests.xctest */ = {isa = PBXFileReference; explicitFileType = wrapper.cfbundle; includeInIndex = 0; path = ActubutorUITests.xctest; sourceTree = BUILT_PRODUCTS_DIR; };
		D089049C1FC3239C008D0C20 /* ActubutorUITests.m */ = {isa = PBXFileReference; lastKnownFileType = sourcecode.c.objc; path = ActubutorUITests.m; sourceTree = "<group>"; };
		D089049E1FC3239C008D0C20 /* Info.plist */ = {isa = PBXFileReference; lastKnownFileType = text.plist.xml; path = Info.plist; sourceTree = "<group>"; };
/* End PBXFileReference section */

/* Begin PBXFrameworksBuildPhase section */
		D08904721FC3239C008D0C20 /* Frameworks */ = {
			isa = PBXFrameworksBuildPhase;
			buildActionMask = 2147483647;
			files = (
			);
			runOnlyForDeploymentPostprocessing = 0;
		};
		D089048A1FC3239C008D0C20 /* Frameworks */ = {
			isa = PBXFrameworksBuildPhase;
			buildActionMask = 2147483647;
			files = (
			);
			runOnlyForDeploymentPostprocessing = 0;
		};
		D08904951FC3239C008D0C20 /* Frameworks */ = {
			isa = PBXFrameworksBuildPhase;
			buildActionMask = 2147483647;
			files = (
			);
			runOnlyForDeploymentPostprocessing = 0;
		};
/* End PBXFrameworksBuildPhase section */

/* Begin PBXGroup section */
		D089046C1FC3239C008D0C20 = {
			isa = PBXGroup;
			children = (
				D08904771FC3239C008D0C20 /* Actubutor */,
				D08904901FC3239C008D0C20 /* ActubutorTests */,
				D089049B1FC3239C008D0C20 /* ActubutorUITests */,
				D08904761FC3239C008D0C20 /* Products */,
			);
			sourceTree = "<group>";
		};
		D08904761FC3239C008D0C20 /* Products */ = {
			isa = PBXGroup;
			children = (
				D08904751FC3239C008D0C20 /* Actubutor.app */,
				D089048D1FC3239C008D0C20 /* ActubutorTests.xctest */,
				D08904981FC3239C008D0C20 /* ActubutorUITests.xctest */,
			);
			name = Products;
			sourceTree = "<group>";
		};
		D08904771FC3239C008D0C20 /* Actubutor */ = {
			isa = PBXGroup;
			children = (
				D08904781FC3239C008D0C20 /* AppDelegate.h */,
				D08904791FC3239C008D0C20 /* AppDelegate.m */,
				D089047B1FC3239C008D0C20 /* ViewController.h */,
				D089047C1FC3239C008D0C20 /* ViewController.m */,
				D089047E1FC3239C008D0C20 /* Main.storyboard */,
				D08904811FC3239C008D0C20 /* Assets.xcassets */,
				D08904831FC3239C008D0C20 /* LaunchScreen.storyboard */,
				D08904861FC3239C008D0C20 /* Info.plist */,
				D08904871FC3239C008D0C20 /* main.m */,
			);
			path = Actubutor;
			sourceTree = "<group>";
		};
		D08904901FC3239C008D0C20 /* ActubutorTests */ = {
			isa = PBXGroup;
			children = (
				D08904911FC3239C008D0C20 /* ActubutorTests.m */,
				D08904931FC3239C008D0C20 /* Info.plist */,
			);
			path = ActubutorTests;
			sourceTree = "<group>";
		};
		D089049B1FC3239C008D0C20 /* ActubutorUITests */ = {
			isa = PBXGroup;
			children = (
				D089049C1FC3239C008D0C20 /* ActubutorUITests.m */,
				D089049E1FC3239C008D0C20 /* Info.plist */,
			);
			path = ActubutorUITests;
			sourceTree = "<group>";
		};
/* End PBXGroup section */

/* Begin PBXNativeTarget section */
		D08904741FC3239C008D0C20 /* Actubutor */ = {
			isa = PBXNativeTarget;
			buildConfigurationList = D08904A11FC3239C008D0C20 /* Build configuration list for PBXNativeTarget "Actubutor" */;
			buildPhases = (
				D08904711FC3239C008D0C20 /* Sources */,
				D08904721FC3239C008D0C20 /* Frameworks */,
				D08904731FC3239C008D0C20 /* Resources */,
			);
			buildRules = (
			);
			dependencies = (
			);
			name = Actubutor;
			productName = Actubutor;
			productReference = D08904751FC3239C008D0C20 /* Actubutor.app */;
			productType = "com.apple.product-type.application";
		};
		D089048C1FC3239C008D0C20 /* ActubutorTests */ = {
			isa = PBXNativeTarget;
			buildConfigurationList = D08904A41FC3239C008D0C20 /* Build configuration list for PBXNativeTarget "ActubutorTests" */;
			buildPhases = (
				D08904891FC3239C008D0C20 /* Sources */,
				D089048A1FC3239C008D0C20 /* Frameworks */,
				D089048B1FC3239C008D0C20 /* Resources */,
			);
			buildRules = (
			);
			dependencies = (
				D089048F1FC3239C008D0C20 /* PBXTargetDependency */,
			);
			name = ActubutorTests;
			productName = ActubutorTests;
			productReference = D089048D1FC3239C008D0C20 /* ActubutorTests.xctest */;
			productType = "com.apple.product-type.bundle.unit-test";
		};
		D08904971FC3239C008D0C20 /* ActubutorUITests */ = {
			isa = PBXNativeTarget;
			buildConfigurationList = D08904A71FC3239C008D0C20 /* Build configuration list for PBXNativeTarget "ActubutorUITests" */;
			buildPhases = (
				D08904941FC3239C008D0C20 /* Sources */,
				D08904951FC3239C008D0C20 /* Frameworks */,
				D08904961FC3239C008D0C20 /* Resources */,
			);
			buildRules = (
			);
			dependencies = (
				D089049A1FC3239C008D0C20 /* PBXTargetDependency */,
			);
			name = ActubutorUITests;
			productName = ActubutorUITests;
			productReference = D08904981FC3239C008D0C20 /* ActubutorUITests.xctest */;
			productType = "com.apple.product-type.bundle.ui-testing";
		};
/* End PBXNativeTarget section */

/* Begin PBXProject section */
		D089046D1FC3239C008D0C20 /* Project object */ = {
			isa = PBXProject;
			attributes = {
				LastUpgradeCheck = 0910;
				ORGANIZATIONNAME = justin;
				TargetAttributes = {
					D08904741FC3239C008D0C20 = {
						CreatedOnToolsVersion = 9.1;
						ProvisioningStyle = Automatic;
					};
					D089048C1FC3239C008D0C20 = {
						CreatedOnToolsVersion = 9.1;
						ProvisioningStyle = Automatic;
						TestTargetID = D08904741FC3239C008D0C20;
					};
					D08904971FC3239C008D0C20 = {
						CreatedOnToolsVersion = 9.1;
						ProvisioningStyle = Automatic;
						TestTargetID = D08904741FC3239C008D0C20;
					};
				};
			};
			buildConfigurationList = D08904701FC3239C008D0C20 /* Build configuration list for PBXProject "Actubutor" */;
			compatibilityVersion = "Xcode 8.0";
			developmentRegion = en;
			hasScannedForEncodings = 0;
			knownRegions = (
				en,
				Base,
			);
			mainGroup = D089046C1FC3239C008D0C20;
			productRefGroup = D08904761FC3239C008D0C20 /* Products */;
			projectDirPath = "";
			projectRoot = "";
			targets = (
				D08904741FC3239C008D0C20 /* Actubutor */,
				D089048C1FC3239C008D0C20 /* ActubutorTests */,
				D08904971FC3239C008D0C20 /* ActubutorUITests */,
			);
		};
/* End PBXProject section */

/* Begin PBXResourcesBuildPhase section */
		D08904731FC3239C008D0C20 /* Resources */ = {
			isa = PBXResourcesBuildPhase;
			buildActionMask = 2147483647;
			files = (
				D08904851FC3239C008D0C20 /* LaunchScreen.storyboard in Resources */,
				D08904821FC3239C008D0C20 /* Assets.xcassets in Resources */,
				D08904801FC3239C008D0C20 /* Main.storyboard in Resources */,
			);
			runOnlyForDeploymentPostprocessing = 0;
		};
		D089048B1FC3239C008D0C20 /* Resources */ = {
			isa = PBXResourcesBuildPhase;
			buildActionMask = 2147483647;
			files = (
			);
			runOnlyForDeploymentPostprocessing = 0;
		};
		D08904961FC3239C008D0C20 /* Resources */ = {
			isa = PBXResourcesBuildPhase;
			buildActionMask = 2147483647;
			files = (
			);
			runOnlyForDeploymentPostprocessing = 0;
		};
/* End PBXResourcesBuildPhase section */

/* Begin PBXSourcesBuildPhase section */
		D08904711FC3239C008D0C20 /* Sources */ = {
			isa = PBXSourcesBuildPhase;
			buildActionMask = 2147483647;
			files = (
				D089047D1FC3239C008D0C20 /* ViewController.m in Sources */,
				D08904881FC3239C008D0C20 /* main.m in Sources */,
				D089047A1FC3239C008D0C20 /* AppDelegate.m in Sources */,
			);
			runOnlyForDeploymentPostprocessing = 0;
		};
		D08904891FC3239C008D0C20 /* Sources */ = {
			isa = PBXSourcesBuildPhase;
			buildActionMask = 2147483647;
			files = (
				D08904921FC3239C008D0C20 /* ActubutorTests.m in Sources */,
			);
			runOnlyForDeploymentPostprocessing = 0;
		};
		D08904941FC3239C008D0C20 /* Sources */ = {
			isa = PBXSourcesBuildPhase;
			buildActionMask = 2147483647;
			files = (
				D089049D1FC3239C008D0C20 /* ActubutorUITests.m in Sources */,
			);
			runOnlyForDeploymentPostprocessing = 0;
		};
/* End PBXSourcesBuildPhase section */

/* Begin PBXTargetDependency section */
		D089048F1FC3239C008D0C20 /* PBXTargetDependency */ = {
			isa = PBXTargetDependency;
			target = D08904741FC3239C008D0C20 /* Actubutor */;
			targetProxy = D089048E1FC3239C008D0C20 /* PBXContainerItemProxy */;
		};
		D089049A1FC3239C008D0C20 /* PBXTargetDependency */ = {
			isa = PBXTargetDependency;
			target = D08904741FC3239C008D0C20 /* Actubutor */;
			targetProxy = D08904991FC3239C008D0C20 /* PBXContainerItemProxy */;
		};
/* End PBXTargetDependency section */

/* Begin PBXVariantGroup section */
		D089047E1FC3239C008D0C20 /* Main.storyboard */ = {
			isa = PBXVariantGroup;
			children = (
				D089047F1FC3239C008D0C20 /* Base */,
			);
			name = Main.storyboard;
			sourceTree = "<group>";
		};
		D08904831FC3239C008D0C20 /* LaunchScreen.storyboard */ = {
			isa = PBXVariantGroup;
			children = (
				D08904841FC3239C008D0C20 /* Base */,
			);
			name = LaunchScreen.storyboard;
			sourceTree = "<group>";
		};
/* End PBXVariantGroup section */

/* Begin XCBuildConfiguration section */
		D089049F1FC3239C008D0C20 /* Debug */ = {
			isa = XCBuildConfiguration;
			buildSettings = {
				ALWAYS_SEARCH_USER_PATHS = NO;
				CLANG_ANALYZER_NONNULL = YES;
				CLANG_ANALYZER_NUMBER_OBJECT_CONVERSION = YES_AGGRESSIVE;
				CLANG_CXX_LANGUAGE_STANDARD = "gnu++14";
				CLANG_CXX_LIBRARY = "libc++";
				CLANG_ENABLE_MODULES = YES;
				CLANG_ENABLE_OBJC_ARC = YES;
				CLANG_WARN_BLOCK_CAPTURE_AUTORELEASING = YES;
				CLANG_WARN_BOOL_CONVERSION = YES;
				CLANG_WARN_COMMA = YES;
				CLANG_WARN_CONSTANT_CONVERSION = YES;
				CLANG_WARN_DIRECT_OBJC_ISA_USAGE = YES_ERROR;
				CLANG_WARN_DOCUMENTATION_COMMENTS = YES;
				CLANG_WARN_EMPTY_BODY = YES;
				CLANG_WARN_ENUM_CONVERSION = YES;
				CLANG_WARN_INFINITE_RECURSION = YES;
				CLANG_WARN_INT_CONVERSION = YES;
				CLANG_WARN_NON_LITERAL_NULL_CONVERSION = YES;
				CLANG_WARN_OBJC_LITERAL_CONVERSION = YES;
				CLANG_WARN_OBJC_ROOT_CLASS = YES_ERROR;
				CLANG_WARN_RANGE_LOOP_ANALYSIS = YES;
				CLANG_WARN_STRICT_PROTOTYPES = YES;
				CLANG_WARN_SUSPICIOUS_MOVE = YES;
				CLANG_WARN_UNGUARDED_AVAILABILITY = YES_AGGRESSIVE;
				CLANG_WARN_UNREACHABLE_CODE = YES;
				CLANG_WARN__DUPLICATE_METHOD_MATCH = YES;
				CODE_SIGN_IDENTITY = "iPhone Developer";
				COPY_PHASE_STRIP = NO;
				DEBUG_INFORMATION_FORMAT = dwarf;
				ENABLE_STRICT_OBJC_MSGSEND = YES;
				ENABLE_TESTABILITY = YES;
				GCC_C_LANGUAGE_STANDARD = gnu11;
				GCC_DYNAMIC_NO_PIC = NO;
				GCC_NO_COMMON_BLOCKS = YES;
				GCC_OPTIMIZATION_LEVEL = 0;
				GCC_PREPROCESSOR_DEFINITIONS = (
					"DEBUG=1",
					"$(inherited)",
				);
				GCC_WARN_64_TO_32_BIT_CONVERSION = YES;
				GCC_WARN_ABOUT_RETURN_TYPE = YES_ERROR;
				GCC_WARN_UNDECLARED_SELECTOR = YES;
				GCC_WARN_UNINITIALIZED_AUTOS = YES_AGGRESSIVE;
				GCC_WARN_UNUSED_FUNCTION = YES;
				GCC_WARN_UNUSED_VARIABLE = YES;
				IPHONEOS_DEPLOYMENT_TARGET = 11.1;
				MTL_ENABLE_DEBUG_INFO = YES;
				ONLY_ACTIVE_ARCH = YES;
				SDKROOT = iphoneos;
			};
			name = Debug;
		};
		D08904A01FC3239C008D0C20 /* Release */ = {
			isa = XCBuildConfiguration;
			buildSettings = {
				ALWAYS_SEARCH_USER_PATHS = NO;
				CLANG_ANALYZER_NONNULL = YES;
				CLANG_ANALYZER_NUMBER_OBJECT_CONVERSION = YES_AGGRESSIVE;
				CLANG_CXX_LANGUAGE_STANDARD = "gnu++14";
				CLANG_CXX_LIBRARY = "libc++";
				CLANG_ENABLE_MODULES = YES;
				CLANG_ENABLE_OBJC_ARC = YES;
				CLANG_WARN_BLOCK_CAPTURE_AUTORELEASING = YES;
				CLANG_WARN_BOOL_CONVERSION = YES;
				CLANG_WARN_COMMA = YES;
				CLANG_WARN_CONSTANT_CONVERSION = YES;
				CLANG_WARN_DIRECT_OBJC_ISA_USAGE = YES_ERROR;
				CLANG_WARN_DOCUMENTATION_COMMENTS = YES;
				CLANG_WARN_EMPTY_BODY = YES;
				CLANG_WARN_ENUM_CONVERSION = YES;
				CLANG_WARN_INFINITE_RECURSION = YES;
				CLANG_WARN_INT_CONVERSION = YES;
				CLANG_WARN_NON_LITERAL_NULL_CONVERSION = YES;
				CLANG_WARN_OBJC_LITERAL_CONVERSION = YES;
				CLANG_WARN_OBJC_ROOT_CLASS = YES_ERROR;
				CLANG_WARN_RANGE_LOOP_ANALYSIS = YES;
				CLANG_WARN_STRICT_PROTOTYPES = YES;
				CLANG_WARN_SUSPICIOUS_MOVE = YES;
				CLANG_WARN_UNGUARDED_AVAILABILITY = YES_AGGRESSIVE;
				CLANG_WARN_UNREACHABLE_CODE = YES;
				CLANG_WARN__DUPLICATE_METHOD_MATCH = YES;
				CODE_SIGN_IDENTITY = "iPhone Developer";
				COPY_PHASE_STRIP = NO;
				DEBUG_INFORMATION_FORMAT = "dwarf-with-dsym";
				ENABLE_NS_ASSERTIONS = NO;
				ENABLE_STRICT_OBJC_MSGSEND = YES;
				GCC_C_LANGUAGE_STANDARD = gnu11;
				GCC_NO_COMMON_BLOCKS = YES;
				GCC_WARN_64_TO_32_BIT_CONVERSION = YES;
				GCC_WARN_ABOUT_RETURN_TYPE = YES_ERROR;
				GCC_WARN_UNDECLARED_SELECTOR = YES;
				GCC_WARN_UNINITIALIZED_AUTOS = YES_AGGRESSIVE;
				GCC_WARN_UNUSED_FUNCTION = YES;
				GCC_WARN_UNUSED_VARIABLE = YES;
				IPHONEOS_DEPLOYMENT_TARGET = 11.1;
				MTL_ENABLE_DEBUG_INFO = NO;
				SDKROOT = iphoneos;
				VALIDATE_PRODUCT = YES;
			};
			name = Release;
		};
		D08904A21FC3239C008D0C20 /* Debug */ = {
			isa = XCBuildConfiguration;
			buildSettings = {
				ASSETCATALOG_COMPILER_APPICON_NAME = AppIcon;
				CODE_SIGN_STYLE = Automatic;
				INFOPLIST_FILE = Actubutor/Info.plist;
				LD_RUNPATH_SEARCH_PATHS = "$(inherited) @executable_path/Frameworks";
				PRODUCT_BUNDLE_IDENTIFIER = JJHome.Actubutor;
				PRODUCT_NAME = "$(TARGET_NAME)";
				TARGETED_DEVICE_FAMILY = "1,2";
			};
			name = Debug;
		};
		D08904A31FC3239C008D0C20 /* Release */ = {
			isa = XCBuildConfiguration;
			buildSettings = {
				ASSETCATALOG_COMPILER_APPICON_NAME = AppIcon;
				CODE_SIGN_STYLE = Automatic;
				INFOPLIST_FILE = Actubutor/Info.plist;
				LD_RUNPATH_SEARCH_PATHS = "$(inherited) @executable_path/Frameworks";
				PRODUCT_BUNDLE_IDENTIFIER = JJHome.Actubutor;
				PRODUCT_NAME = "$(TARGET_NAME)";
				TARGETED_DEVICE_FAMILY = "1,2";
			};
			name = Release;
		};
		D08904A51FC3239C008D0C20 /* Debug */ = {
			isa = XCBuildConfiguration;
			buildSettings = {
				BUNDLE_LOADER = "$(TEST_HOST)";
				CODE_SIGN_STYLE = Automatic;
				INFOPLIST_FILE = ActubutorTests/Info.plist;
				LD_RUNPATH_SEARCH_PATHS = "$(inherited) @executable_path/Frameworks @loader_path/Frameworks";
				PRODUCT_BUNDLE_IDENTIFIER = JJHome.ActubutorTests;
				PRODUCT_NAME = "$(TARGET_NAME)";
				TARGETED_DEVICE_FAMILY = "1,2";
				TEST_HOST = "$(BUILT_PRODUCTS_DIR)/Actubutor.app/Actubutor";
			};
			name = Debug;
		};
		D08904A61FC3239C008D0C20 /* Release */ = {
			isa = XCBuildConfiguration;
			buildSettings = {
				BUNDLE_LOADER = "$(TEST_HOST)";
				CODE_SIGN_STYLE = Automatic;
				INFOPLIST_FILE = ActubutorTests/Info.plist;
				LD_RUNPATH_SEARCH_PATHS = "$(inherited) @executable_path/Frameworks @loader_path/Frameworks";
				PRODUCT_BUNDLE_IDENTIFIER = JJHome.ActubutorTests;
				PRODUCT_NAME = "$(TARGET_NAME)";
				TARGETED_DEVICE_FAMILY = "1,2";
				TEST_HOST = "$(BUILT_PRODUCTS_DIR)/Actubutor.app/Actubutor";
			};
			name = Release;
		};
		D08904A81FC3239C008D0C20 /* Debug */ = {
			isa = XCBuildConfiguration;
			buildSettings = {
				CODE_SIGN_STYLE = Automatic;
				INFOPLIST_FILE = ActubutorUITests/Info.plist;
				LD_RUNPATH_SEARCH_PATHS = "$(inherited) @executable_path/Frameworks @loader_path/Frameworks";
				PRODUCT_BUNDLE_IDENTIFIER = JJHome.ActubutorUITests;
				PRODUCT_NAME = "$(TARGET_NAME)";
				TARGETED_DEVICE_FAMILY = "1,2";
				TEST_TARGET_NAME = Actubutor;
			};
			name = Debug;
		};
		D08904A91FC3239C008D0C20 /* Release */ = {
			isa = XCBuildConfiguration;
			buildSettings = {
				CODE_SIGN_STYLE = Automatic;
				INFOPLIST_FILE = ActubutorUITests/Info.plist;
				LD_RUNPATH_SEARCH_PATHS = "$(inherited) @executable_path/Frameworks @loader_path/Frameworks";
				PRODUCT_BUNDLE_IDENTIFIER = JJHome.ActubutorUITests;
				PRODUCT_NAME = "$(TARGET_NAME)";
				TARGETED_DEVICE_FAMILY = "1,2";
				TEST_TARGET_NAME = Actubutor;
			};
			name = Release;
		};
/* End XCBuildConfiguration section */

/* Begin XCConfigurationList section */
		D08904701FC3239C008D0C20 /* Build configuration list for PBXProject "Actubutor" */ = {
			isa = XCConfigurationList;
			buildConfigurations = (
				D089049F1FC3239C008D0C20 /* Debug */,
				D08904A01FC3239C008D0C20 /* Release */,
			);
			defaultConfigurationIsVisible = 0;
			defaultConfigurationName = Release;
		};
		D08904A11FC3239C008D0C20 /* Build configuration list for PBXNativeTarget "Actubutor" */ = {
			isa = XCConfigurationList;
			buildConfigurations = (
				D08904A21FC3239C008D0C20 /* Debug */,
				D08904A31FC3239C008D0C20 /* Release */,
			);
			defaultConfigurationIsVisible = 0;
			defaultConfigurationName = Release;
		};
		D08904A41FC3239C008D0C20 /* Build configuration list for PBXNativeTarget "ActubutorTests" */ = {
			isa = XCConfigurationList;
			buildConfigurations = (
				D08904A51FC3239C008D0C20 /* Debug */,
				D08904A61FC3239C008D0C20 /* Release */,
			);
			defaultConfigurationIsVisible = 0;
			defaultConfigurationName = Release;
		};
		D08904A71FC3239C008D0C20 /* Build configuration list for PBXNativeTarget "ActubutorUITests" */ = {
			isa = XCConfigurationList;
			buildConfigurations = (
				D08904A81FC3239C008D0C20 /* Debug */,
				D08904A91FC3239C008D0C20 /* Release */,
			);
			defaultConfigurationIsVisible = 0;
			defaultConfigurationName = Release;
		};
/* End XCConfigurationList section */
	};
	rootObject = D089046D1FC3239C008D0C20 /* Project object */;
}
